
Microsoft Visual Studio Solution File, Format Version 12.00
# Visual Studio Version 17
VisualStudioVersion = 17.5.33424.131
MinimumVisualStudioVersion = 10.0.40219.1
Project("{FAE04EC0-301F-11D3-BF4B-00C04F79EFBC}") = "BVH.TDS", "BVH.TDS\BVH.TDS.csproj", "{AAAF29EB-4F3E-42FA-B530-141211538522}"
EndProject
Global
	GlobalSection(SolutionConfigurationPlatforms) = preSolution
		Debug|Any CPU = Debug|Any CPU
		Release|Any CPU = Release|Any CPU
	EndGlobalSection
	GlobalSection(ProjectConfigurationPlatforms) = postSolution
		{AAAF29EB-4F3E-42FA-B530-141211538522}.Debug|Any CPU.ActiveCfg = Debug|Any CPU
		{AAAF29EB-4F3E-42FA-B530-141211538522}.Debug|Any CPU.Build.0 = Debug|Any CPU
		{AAAF29EB-4F3E-42FA-B530-141211538522}.Release|Any CPU.ActiveCfg = Release|Any CPU
		{AAAF29EB-4F3E-42FA-B530-141211538522}.Release|Any CPU.Build.0 = Release|Any CPU
	EndGlobalSection
	GlobalSection(SolutionProperties) = preSolution
		HideSolutionNode = FALSE
	EndGlobalSection
	GlobalSection(ExtensibilityGlobals) = postSolution
		SolutionGuid = {DDBA62EF-9496-4F6C-93EA-5DCB96CBDED7}
	EndGlobalSection
EndGlobal
